
Microsoft Visual Studio Solution File, Format Version 12.00
# Visual Studio Version 17
VisualStudioVersion = 17.5.33530.505
MinimumVisualStudioVersion = 10.0.40219.1
Project("{FAE04EC0-301F-11D3-BF4B-00C04F79EFBC}") = "Parcial1_Kissland", "Parcial1_Kissland.csproj", "{52A82E86-DF4F-4D65-A031-B5E6EBBD4C10}"
EndProject
Global
	GlobalSection(SolutionConfigurationPlatforms) = preSolution
		Debug|Any CPU = Debug|Any CPU
		Release|Any CPU = Release|Any CPU
	EndGlobalSection
	GlobalSection(ProjectConfigurationPlatforms) = postSolution
		{52A82E86-DF4F-4D65-A031-B5E6EBBD4C10}.Debug|Any CPU.ActiveCfg = Debug|Any CPU
		{52A82E86-DF4F-4D65-A031-B5E6EBBD4C10}.Debug|Any CPU.Build.0 = Debug|Any CPU
		{52A82E86-DF4F-4D65-A031-B5E6EBBD4C10}.Release|Any CPU.ActiveCfg = Release|Any CPU
		{52A82E86-DF4F-4D65-A031-B5E6EBBD4C10}.Release|Any CPU.Build.0 = Release|Any CPU
	EndGlobalSection
	GlobalSection(SolutionProperties) = preSolution
		HideSolutionNode = FALSE
	EndGlobalSection
	GlobalSection(ExtensibilityGlobals) = postSolution
		SolutionGuid = {DB986AC9-D3FC-4D55-8F6F-0A290BC0CF5B}
	EndGlobalSection
EndGlobal
